Microsoft Visual Studio Solution File, Format Version 12.00
# Visual Studio Version 17
VisualStudioVersion = 17.5.2.0
MinimumVisualStudioVersion = 10.0.40219.1
Project("{FAE04EC0-301F-11D3-BF4B-00C04F79EFBC}") = "000-hello-world", "000-hello-world\000-hello-world.csproj", "{BFF43F02-122B-6F0D-B1E4-F53C05D6E2DD}"
EndProject
Global
	GlobalSection(SolutionConfigurationPlatforms) = preSolution
		Debug|Any CPU = Debug|Any CPU
		Release|Any CPU = Release|Any CPU
	EndGlobalSection
	GlobalSection(ProjectConfigurationPlatforms) = postSolution
		{BFF43F02-122B-6F0D-B1E4-F53C05D6E2DD}.Debug|Any CPU.ActiveCfg = Debug|Any CPU
		{BFF43F02-122B-6F0D-B1E4-F53C05D6E2DD}.Debug|Any CPU.Build.0 = Debug|Any CPU
		{BFF43F02-122B-6F0D-B1E4-F53C05D6E2DD}.Release|Any CPU.ActiveCfg = Release|Any CPU
		{BFF43F02-122B-6F0D-B1E4-F53C05D6E2DD}.Release|Any CPU.Build.0 = Release|Any CPU
	EndGlobalSection
	GlobalSection(SolutionProperties) = preSolution
		HideSolutionNode = FALSE
	EndGlobalSection
	GlobalSection(ExtensibilityGlobals) = postSolution
		SolutionGuid = {2F242E49-6608-4F66-8FC7-6F471A06AEFE}
	EndGlobalSection
EndGlobal
